{
  "name": "exportific",
  "version": "0.0.1",
  "lockfileVersion": 1,
  "requires": true,
  "dependencies": {
    "esprima": {
      "version": "4.0.1",
      "resolved": "https://registry.npmjs.org/esprima/-/esprima-4.0.1.tgz",
      "integrity": "sha512-eGuFFw7Upda+g4p+QHvnW0RyTX/SVeJBDM/gCtMARO0cLuT2HcEKnTPvhjV6aGeqrCB/sbNop0Kszm0jsaWU4A=="
    },
    "private": {
      "version": "0.1.8",
      "resolved": "https://registry.npmjs.org/private/-/private-0.1.8.tgz",
      "integrity": "sha512-VvivMrbvd2nKkiG38qjULzlc+4Vx4wm/whI9pQD35YrARNnhxeiRktSOhSukRLFNlzg6Br/cJPet5J/u19r/mg=="
    },
    "recast": {
      "version": "0.15.3",
      "resolved": "https://registry.npmjs.org/recast/-/recast-0.15.3.tgz",
      "integrity": "sha512-xqnagxQH7mL4+UpcCVMObPPdjCEE2dmfGcTwcdpyNgZOd9W0rfdLRF3+smoA+AQqMw6xK6G4021dAQK8XfPYIQ==",
      "requires": {
        "ast-types": "0.11.5",
        "esprima": "~4.0.0",
        "private": "~0.1.5",
        "source-map": "~0.6.1"
      },
      "dependencies": {
        "ast-types": {
          "version": "0.11.5",
          "resolved": "https://registry.npmjs.org/ast-types/-/ast-types-0.11.5.tgz",
          "integrity": "sha512-oJjo+5e7/vEc2FBK8gUalV0pba4L3VdBIs2EKhOLHLcOd2FgQIVQN9xb0eZ9IjEWyAL7vq6fGJxOvVvdCHNyMw=="
        }
      }
    },
    "source-map": {
      "version": "0.6.1",
      "resolved": "https://registry.npmjs.org/source-map/-/source-map-0.6.1.tgz",
      "integrity": "sha512-UjgapumWlbMhkBgzT7Ykc5YXUT46F0iKu8SGXq0bcwP5dz/h0Plj6enJqjz1Zbq2l5WaqYnrVbwWOWMyF3F47g=="
    }
  }
}
